{
  "name": "operational-risk-management",
  "version": "1.2.0",
  "lockfileVersion": 1,
  "requires": true,
  "dependencies": {
    "gScript2019": {
      "version": "git+https://github.com/Ehawk82/gScript2019.git#c2dbece7913f568cd74df1a0cb528bfacea0a7d7",
      "from": "git+https://github.com/Ehawk82/gScript2019.git",
      "dev": true
    }
  }
}
